{
  "name": "stdlib-test-f",
  "version": "0.0.0",
  "lockfileVersion": 1,
  "requires": true,
  "dependencies": {
    "lib": {
      "version": "4.0.2",
      "resolved": "https://registry.npmjs.org/lib/-/lib-4.0.2.tgz",
      "integrity": "sha512-x0BpB7/oEoqPzV3j6mZLBw7c3zXqbQV5GzhudDBkD1qCbmBMm26bpXBr+7bjs1OuUNXdjwPG5gCmKnyUZM8/IQ=="
    }
  }
}
